// !$*UTF8*$!
{
	archiveVersion = 1;
	classes = {
	};
	objectVersion = 48;
	objects = {

/* Begin PBXBuildFile section */
		9E2249B920D68F7300A7B96F /* AppDelegate.swift in Sources */ = {isa = PBXBuildFile; fileRef = 9E2249B820D68F7300A7B96F /* AppDelegate.swift */; };
		9E2249BB20D68F7300A7B96F /* TodoListViewController.swift in Sources */ = {isa = PBXBuildFile; fileRef = 9E2249BA20D68F7300A7B96F /* TodoListViewController.swift */; };
		9E2249BE20D68F7300A7B96F /* Main.storyboard in Resources */ = {isa = PBXBuildFile; fileRef = 9E2249BC20D68F7300A7B96F /* Main.storyboard */; };
		9E2249C020D68F7300A7B96F /* Assets.xcassets in Resources */ = {isa = PBXBuildFile; fileRef = 9E2249BF20D68F7300A7B96F /* Assets.xcassets */; };
		9E2249C320D68F7300A7B96F /* LaunchScreen.storyboard in Resources */ = {isa = PBXBuildFile; fileRef = 9E2249C120D68F7300A7B96F /* LaunchScreen.storyboard */; };
		9E8DEE5B20D6C307005A3E6D /* Item.swift in Sources */ = {isa = PBXBuildFile; fileRef = 9E8DEE5A20D6C307005A3E6D /* Item.swift */; };
/* End PBXBuildFile section */

/* Begin PBXFileReference section */
		9E2249B520D68F7300A7B96F /* Todoey.app */ = {isa = PBXFileReference; explicitFileType = wrapper.application; includeInIndex = 0; path = Todoey.app; sourceTree = BUILT_PRODUCTS_DIR; };
		9E2249B820D68F7300A7B96F /* AppDelegate.swift */ = {isa = PBXFileReference; lastKnownFileType = sourcecode.swift; path = AppDelegate.swift; sourceTree = "<group>"; };
		9E2249BA20D68F7300A7B96F /* TodoListViewController.swift */ = {isa = PBXFileReference; lastKnownFileType = sourcecode.swift; path = TodoListViewController.swift; sourceTree = "<group>"; };
		9E2249BD20D68F7300A7B96F /* Base */ = {isa = PBXFileReference; lastKnownFileType = file.storyboard; name = Base; path = Base.lproj/Main.storyboard; sourceTree = "<group>"; };
		9E2249BF20D68F7300A7B96F /* Assets.xcassets */ = {isa = PBXFileReference; lastKnownFileType = folder.assetcatalog; path = Assets.xcassets; sourceTree = "<group>"; };
		9E2249C220D68F7300A7B96F /* Base */ = {isa = PBXFileReference; lastKnownFileType = file.storyboard; name = Base; path = Base.lproj/LaunchScreen.storyboard; sourceTree = "<group>"; };
		9E2249C420D68F7300A7B96F /* Info.plist */ = {isa = PBXFileReference; lastKnownFileType = text.plist.xml; path = Info.plist; sourceTree = "<group>"; };
		9E8DEE5A20D6C307005A3E6D /* Item.swift */ = {isa = PBXFileReference; lastKnownFileType = sourcecode.swift; path = Item.swift; sourceTree = "<group>"; };
/* End PBXFileReference section */

/* Begin PBXFrameworksBuildPhase section */
		9E2249B220D68F7300A7B96F /* Frameworks */ = {
			isa = PBXFrameworksBuildPhase;
			buildActionMask = 2147483647;
			files = (
			);
			runOnlyForDeploymentPostprocessing = 0;
		};
/* End PBXFrameworksBuildPhase section */

/* Begin PBXGroup section */
		9E2249AC20D68F7300A7B96F = {
			isa = PBXGroup;
			children = (
				9E2249B720D68F7300A7B96F /* Todoey */,
				9E2249B620D68F7300A7B96F /* Products */,
			);
			sourceTree = "<group>";
		};
		9E2249B620D68F7300A7B96F /* Products */ = {
			isa = PBXGroup;
			children = (
				9E2249B520D68F7300A7B96F /* Todoey.app */,
			);
			name = Products;
			sourceTree = "<group>";
		};
		9E2249B720D68F7300A7B96F /* Todoey */ = {
			isa = PBXGroup;
			children = (
				9E2249B820D68F7300A7B96F /* AppDelegate.swift */,
				9E8DEE5D20D6C3C9005A3E6D /* Controllers */,
				9E8DEE5C20D6C349005A3E6D /* Data Model */,
				9E8DEE5E20D6C3F2005A3E6D /* Views */,
				9E8DEE5F20D6C41B005A3E6D /* Supporting Files */,
				9E2249C420D68F7300A7B96F /* Info.plist */,
			);
			path = Todoey;
			sourceTree = "<group>";
		};
		9E8DEE5C20D6C349005A3E6D /* Data Model */ = {
			isa = PBXGroup;
			children = (
				9E8DEE5A20D6C307005A3E6D /* Item.swift */,
			);
			path = "Data Model";
			sourceTree = "<group>";
		};
		9E8DEE5D20D6C3C9005A3E6D /* Controllers */ = {
			isa = PBXGroup;
			children = (
				9E2249BA20D68F7300A7B96F /* TodoListViewController.swift */,
			);
			path = Controllers;
			sourceTree = "<group>";
		};
		9E8DEE5E20D6C3F2005A3E6D /* Views */ = {
			isa = PBXGroup;
			children = (
				9E2249BC20D68F7300A7B96F /* Main.storyboard */,
			);
			path = Views;
			sourceTree = "<group>";
		};
		9E8DEE5F20D6C41B005A3E6D /* Supporting Files */ = {
			isa = PBXGroup;
			children = (
				9E2249BF20D68F7300A7B96F /* Assets.xcassets */,
				9E2249C120D68F7300A7B96F /* LaunchScreen.storyboard */,
			);
			path = "Supporting Files";
			sourceTree = "<group>";
		};
/* End PBXGroup section */

/* Begin PBXNativeTarget section */
		9E2249B420D68F7300A7B96F /* Todoey */ = {
			isa = PBXNativeTarget;
			buildConfigurationList = 9E2249C720D68F7300A7B96F /* Build configuration list for PBXNativeTarget "Todoey" */;
			buildPhases = (
				9E2249B120D68F7300A7B96F /* Sources */,
				9E2249B220D68F7300A7B96F /* Frameworks */,
				9E2249B320D68F7300A7B96F /* Resources */,
			);
			buildRules = (
			);
			dependencies = (
			);
			name = Todoey;
			productName = Todoey;
			productReference = 9E2249B520D68F7300A7B96F /* Todoey.app */;
			productType = "com.apple.product-type.application";
		};
/* End PBXNativeTarget section */

/* Begin PBXProject section */
		9E2249AD20D68F7300A7B96F /* Project object */ = {
			isa = PBXProject;
			attributes = {
				LastSwiftUpdateCheck = 0920;
				LastUpgradeCheck = 0920;
				ORGANIZATIONNAME = "Marion Gain";
				TargetAttributes = {
					9E2249B420D68F7300A7B96F = {
						CreatedOnToolsVersion = 9.2;
						ProvisioningStyle = Automatic;
					};
				};
			};
			buildConfigurationList = 9E2249B020D68F7300A7B96F /* Build configuration list for PBXProject "Todoey" */;
			compatibilityVersion = "Xcode 8.0";
			developmentRegion = en;
			hasScannedForEncodings = 0;
			knownRegions = (
				en,
				Base,
			);
			mainGroup = 9E2249AC20D68F7300A7B96F;
			productRefGroup = 9E2249B620D68F7300A7B96F /* Products */;
			projectDirPath = "";
			projectRoot = "";
			targets = (
				9E2249B420D68F7300A7B96F /* Todoey */,
			);
		};
/* End PBXProject section */

/* Begin PBXResourcesBuildPhase section */
		9E2249B320D68F7300A7B96F /* Resources */ = {
			isa = PBXResourcesBuildPhase;
			buildActionMask = 2147483647;
			files = (
				9E2249C320D68F7300A7B96F /* LaunchScreen.storyboard in Resources */,
				9E2249C020D68F7300A7B96F /* Assets.xcassets in Resources */,
				9E2249BE20D68F7300A7B96F /* Main.storyboard in Resources */,
			);
			runOnlyForDeploymentPostprocessing = 0;
		};
/* End PBXResourcesBuildPhase section */

/* Begin PBXSourcesBuildPhase section */
		9E2249B120D68F7300A7B96F /* Sources */ = {
			isa = PBXSourcesBuildPhase;
			buildActionMask = 2147483647;
			files = (
				9E2249BB20D68F7300A7B96F /* TodoListViewController.swift in Sources */,
				9E8DEE5B20D6C307005A3E6D /* Item.swift in Sources */,
				9E2249B920D68F7300A7B96F /* AppDelegate.swift in Sources */,
			);
			runOnlyForDeploymentPostprocessing = 0;
		};
/* End PBXSourcesBuildPhase section */

/* Begin PBXVariantGroup section */
		9E2249BC20D68F7300A7B96F /* Main.storyboard */ = {
			isa = PBXVariantGroup;
			children = (
				9E2249BD20D68F7300A7B96F /* Base */,
			);
			name = Main.storyboard;
			sourceTree = "<group>";
		};
		9E2249C120D68F7300A7B96F /* LaunchScreen.storyboard */ = {
			isa = PBXVariantGroup;
			children = (
				9E2249C220D68F7300A7B96F /* Base */,
			);
			name = LaunchScreen.storyboard;
			sourceTree = "<group>";
		};
/* End PBXVariantGroup section */

/* Begin XCBuildConfiguration section */
		9E2249C520D68F7300A7B96F /* Debug */ = {
			isa = XCBuildConfiguration;
			buildSettings = {
				ALWAYS_SEARCH_USER_PATHS = NO;
				CLANG_ANALYZER_NONNULL = YES;
				CLANG_ANALYZER_NUMBER_OBJECT_CONVERSION = YES_AGGRESSIVE;
				CLANG_CXX_LANGUAGE_STANDARD = "gnu++14";
				CLANG_CXX_LIBRARY = "libc++";
				CLANG_ENABLE_MODULES = YES;
				CLANG_ENABLE_OBJC_ARC = YES;
				CLANG_WARN_BLOCK_CAPTURE_AUTORELEASING = YES;
				CLANG_WARN_BOOL_CONVERSION = YES;
				CLANG_WARN_COMMA = YES;
				CLANG_WARN_CONSTANT_CONVERSION = YES;
				CLANG_WARN_DIRECT_OBJC_ISA_USAGE = YES_ERROR;
				CLANG_WARN_DOCUMENTATION_COMMENTS = YES;
				CLANG_WARN_EMPTY_BODY = YES;
				CLANG_WARN_ENUM_CONVERSION = YES;
				CLANG_WARN_INFINITE_RECURSION = YES;
				CLANG_WARN_INT_CONVERSION = YES;
				CLANG_WARN_NON_LITERAL_NULL_CONVERSION = YES;
				CLANG_WARN_OBJC_LITERAL_CONVERSION = YES;
				CLANG_WARN_OBJC_ROOT_CLASS = YES_ERROR;
				CLANG_WARN_RANGE_LOOP_ANALYSIS = YES;
				CLANG_WARN_STRICT_PROTOTYPES = YES;
				CLANG_WARN_SUSPICIOUS_MOVE = YES;
				CLANG_WARN_UNGUARDED_AVAILABILITY = YES_AGGRESSIVE;
				CLANG_WARN_UNREACHABLE_CODE = YES;
				CLANG_WARN__DUPLICATE_METHOD_MATCH = YES;
				CODE_SIGN_IDENTITY = "iPhone Developer";
				COPY_PHASE_STRIP = NO;
				DEBUG_INFORMATION_FORMAT = dwarf;
				ENABLE_STRICT_OBJC_MSGSEND = YES;
				ENABLE_TESTABILITY = YES;
				GCC_C_LANGUAGE_STANDARD = gnu11;
				GCC_DYNAMIC_NO_PIC = NO;
				GCC_NO_COMMON_BLOCKS = YES;
				GCC_OPTIMIZATION_LEVEL = 0;
				GCC_PREPROCESSOR_DEFINITIONS = (
					"DEBUG=1",
					"$(inherited)",
				);
				GCC_WARN_64_TO_32_BIT_CONVERSION = YES;
				GCC_WARN_ABOUT_RETURN_TYPE = YES_ERROR;
				GCC_WARN_UNDECLARED_SELECTOR = YES;
				GCC_WARN_UNINITIALIZED_AUTOS = YES_AGGRESSIVE;
				GCC_WARN_UNUSED_FUNCTION = YES;
				GCC_WARN_UNUSED_VARIABLE = YES;
				IPHONEOS_DEPLOYMENT_TARGET = 11.2;
				MTL_ENABLE_DEBUG_INFO = YES;
				ONLY_ACTIVE_ARCH = YES;
				SDKROOT = iphoneos;
				SWIFT_ACTIVE_COMPILATION_CONDITIONS = DEBUG;
				SWIFT_OPTIMIZATION_LEVEL = "-Onone";
			};
			name = Debug;
		};
		9E2249C620D68F7300A7B96F /* Release */ = {
			isa = XCBuildConfiguration;
			buildSettings = {
				ALWAYS_SEARCH_USER_PATHS = NO;
				CLANG_ANALYZER_NONNULL = YES;
				CLANG_ANALYZER_NUMBER_OBJECT_CONVERSION = YES_AGGRESSIVE;
				CLANG_CXX_LANGUAGE_STANDARD = "gnu++14";
				CLANG_CXX_LIBRARY = "libc++";
				CLANG_ENABLE_MODULES = YES;
				CLANG_ENABLE_OBJC_ARC = YES;
				CLANG_WARN_BLOCK_CAPTURE_AUTORELEASING = YES;
				CLANG_WARN_BOOL_CONVERSION = YES;
				CLANG_WARN_COMMA = YES;
				CLANG_WARN_CONSTANT_CONVERSION = YES;
				CLANG_WARN_DIRECT_OBJC_ISA_USAGE = YES_ERROR;
				CLANG_WARN_DOCUMENTATION_COMMENTS = YES;
				CLANG_WARN_EMPTY_BODY = YES;
				CLANG_WARN_ENUM_CONVERSION = YES;
				CLANG_WARN_INFINITE_RECURSION = YES;
				CLANG_WARN_INT_CONVERSION = YES;
				CLANG_WARN_NON_LITERAL_NULL_CONVERSION = YES;
				CLANG_WARN_OBJC_LITERAL_CONVERSION = YES;
				CLANG_WARN_OBJC_ROOT_CLASS = YES_ERROR;
				CLANG_WARN_RANGE_LOOP_ANALYSIS = YES;
				CLANG_WARN_STRICT_PROTOTYPES = YES;
				CLANG_WARN_SUSPICIOUS_MOVE = YES;
				CLANG_WARN_UNGUARDED_AVAILABILITY = YES_AGGRESSIVE;
				CLANG_WARN_UNREACHABLE_CODE = YES;
				CLANG_WARN__DUPLICATE_METHOD_MATCH = YES;
				CODE_SIGN_IDENTITY = "iPhone Developer";
				COPY_PHASE_STRIP = NO;
				DEBUG_INFORMATION_FORMAT = "dwarf-with-dsym";
				ENABLE_NS_ASSERTIONS = NO;
				ENABLE_STRICT_OBJC_MSGSEND = YES;
				GCC_C_LANGUAGE_STANDARD = gnu11;
				GCC_NO_COMMON_BLOCKS = YES;
				GCC_WARN_64_TO_32_BIT_CONVERSION = YES;
				GCC_WARN_ABOUT_RETURN_TYPE = YES_ERROR;
				GCC_WARN_UNDECLARED_SELECTOR = YES;
				GCC_WARN_UNINITIALIZED_AUTOS = YES_AGGRESSIVE;
				GCC_WARN_UNUSED_FUNCTION = YES;
				GCC_WARN_UNUSED_VARIABLE = YES;
				IPHONEOS_DEPLOYMENT_TARGET = 11.2;
				MTL_ENABLE_DEBUG_INFO = NO;
				SDKROOT = iphoneos;
				SWIFT_OPTIMIZATION_LEVEL = "-Owholemodule";
				VALIDATE_PRODUCT = YES;
			};
			name = Release;
		};
		9E2249C820D68F7300A7B96F /* Debug */ = {
			isa = XCBuildConfiguration;
			buildSettings = {
				ASSETCATALOG_COMPILER_APPICON_NAME = AppIcon;
				CODE_SIGN_STYLE = Automatic;
				DEVELOPMENT_TEAM = RK448J7F6A;
				INFOPLIST_FILE = Todoey/Info.plist;
				LD_RUNPATH_SEARCH_PATHS = "$(inherited) @executable_path/Frameworks";
				PRODUCT_BUNDLE_IDENTIFIER = com.gainmarion.Todoey;
				PRODUCT_NAME = "$(TARGET_NAME)";
				SWIFT_VERSION = 4.0;
				TARGETED_DEVICE_FAMILY = "1,2";
			};
			name = Debug;
		};
		9E2249C920D68F7300A7B96F /* Release */ = {
			isa = XCBuildConfiguration;
			buildSettings = {
				ASSETCATALOG_COMPILER_APPICON_NAME = AppIcon;
				CODE_SIGN_STYLE = Automatic;
				DEVELOPMENT_TEAM = RK448J7F6A;
				INFOPLIST_FILE = Todoey/Info.plist;
				LD_RUNPATH_SEARCH_PATHS = "$(inherited) @executable_path/Frameworks";
				PRODUCT_BUNDLE_IDENTIFIER = com.gainmarion.Todoey;
				PRODUCT_NAME = "$(TARGET_NAME)";
				SWIFT_VERSION = 4.0;
				TARGETED_DEVICE_FAMILY = "1,2";
			};
			name = Release;
		};
/* End XCBuildConfiguration section */

/* Begin XCConfigurationList section */
		9E2249B020D68F7300A7B96F /* Build configuration list for PBXProject "Todoey" */ = {
			isa = XCConfigurationList;
			buildConfigurations = (
				9E2249C520D68F7300A7B96F /* Debug */,
				9E2249C620D68F7300A7B96F /* Release */,
			);
			defaultConfigurationIsVisible = 0;
			defaultConfigurationName = Release;
		};
		9E2249C720D68F7300A7B96F /* Build configuration list for PBXNativeTarget "Todoey" */ = {
			isa = XCConfigurationList;
			buildConfigurations = (
				9E2249C820D68F7300A7B96F /* Debug */,
				9E2249C920D68F7300A7B96F /* Release */,
			);
			defaultConfigurationIsVisible = 0;
			defaultConfigurationName = Release;
		};
/* End XCConfigurationList section */
	};
	rootObject = 9E2249AD20D68F7300A7B96F /* Project object */;
}
